# This file is @generated by PDM.
# It is not intended for manual editing.

[metadata]
groups = ["default", "dev"]
strategy = ["inherit_metadata"]
lock_version = "4.5.0"
content_hash = "sha256:5a10540fcb14b1e235938dfa7d985d8ae0c05a13eb379f366630ae83507099e2"

[[metadata.targets]]
requires_python = "==3.12.*"

[[package]]
name = "annotated-types"
version = "0.7.0"
requires_python = ">=3.8"
summary = "Reusable constraint types to use with typing.Annotated"
groups = ["default"]
dependencies = [
    "typing-extensions>=4.0.0; python_version < \"3.9\"",
]
files = [
    {file = "annotated_types-0.7.0-py3-none-any.whl", hash = "sha256:1f02e8b43a8fbbc3f3e0d4f0f4bfc8131bcb4eebe8849b8e5c773f3a1c582a53"},
    {file = "annotated_types-0.7.0.tar.gz", hash = "sha256:aff07c09a53a08bc8cfccb9c85b05f1aa9a2a6f23728d790723543408344ce89"},
]

[[package]]
name = "anyio"
version = "4.7.0"
requires_python = ">=3.9"
summary = "High level compatibility layer for multiple asynchronous event loop implementations"
groups = ["default"]
dependencies = [
    "exceptiongroup>=1.0.2; python_version < \"3.11\"",
    "idna>=2.8",
    "sniffio>=1.1",
    "typing-extensions>=4.5; python_version < \"3.13\"",
]
files = [
    {file = "anyio-4.7.0-py3-none-any.whl", hash = "sha256:ea60c3723ab42ba6fff7e8ccb0488c898ec538ff4df1f1d5e642c3601d07e352"},
    {file = "anyio-4.7.0.tar.gz", hash = "sha256:2f834749c602966b7d456a7567cafcb309f96482b5081d14ac93ccd457f9dd48"},
]

[[package]]
name = "asttokens"
version = "3.0.0"
requires_python = ">=3.8"
summary = "Annotate AST trees with source code positions"
groups = ["dev"]
files = [
    {file = "asttokens-3.0.0-py3-none-any.whl", hash = "sha256:e3078351a059199dd5138cb1c706e6430c05eff2ff136af5eb4790f9d28932e2"},
    {file = "asttokens-3.0.0.tar.gz", hash = "sha256:0dcd8baa8d62b0c1d118b399b2ddba3c4aff271d0d7a9e0d4c1681c79035bbc7"},
]

[[package]]
name = "boto3"
version = "1.35.78"
requires_python = ">=3.8"
summary = "The AWS SDK for Python"
groups = ["default"]
dependencies = [
    "botocore<1.36.0,>=1.35.78",
    "jmespath<2.0.0,>=0.7.1",
    "s3transfer<0.11.0,>=0.10.0",
]
files = [
    {file = "boto3-1.35.78-py3-none-any.whl", hash = "sha256:5ef7166fe5060637b92af8dc152cd7acecf96b3fc9c5456706a886cadb534391"},
    {file = "boto3-1.35.78.tar.gz", hash = "sha256:fc8001519c8842e766ad3793bde3fbd0bb39e821a582fc12cf67876b8f3cf7f1"},
]

[[package]]
name = "botocore"
version = "1.35.78"
requires_python = ">=3.8"
summary = "Low-level, data-driven core of boto 3."
groups = ["default"]
dependencies = [
    "jmespath<2.0.0,>=0.7.1",
    "python-dateutil<3.0.0,>=2.1",
    "urllib3!=2.2.0,<3,>=1.25.4; python_version >= \"3.10\"",
    "urllib3<1.27,>=1.25.4; python_version < \"3.10\"",
]
files = [
    {file = "botocore-1.35.78-py3-none-any.whl", hash = "sha256:41c37bd7c0326f25122f33ec84fb80fc0a14d7fcc9961431b0e57568e88c9cb5"},
    {file = "botocore-1.35.78.tar.gz", hash = "sha256:6905036c25449ae8dba5e950e4b908e4b8a6fe6b516bf61e007ecb62fa21f323"},
]

[[package]]
name = "certifi"
version = "2024.8.30"
requires_python = ">=3.6"
summary = "Python package for providing Mozilla's CA Bundle."
groups = ["default"]
files = [
    {file = "certifi-2024.8.30-py3-none-any.whl", hash = "sha256:922820b53db7a7257ffbda3f597266d435245903d80737e34f8a45ff3e3230d8"},
    {file = "certifi-2024.8.30.tar.gz", hash = "sha256:bec941d2aa8195e248a60b31ff9f0558284cf01a52591ceda73ea9afffd69fd9"},
]

[[package]]
name = "colorama"
version = "0.4.6"
requires_python = "!=3.0.*,!=3.1.*,!=3.2.*,!=3.3.*,!=3.4.*,!=3.5.*,!=3.6.*,>=2.7"
summary = "Cross-platform colored terminal text."
groups = ["default", "dev"]
marker = "sys_platform == \"win32\" or platform_system == \"Windows\""
files = [
    {file = "colorama-0.4.6-py2.py3-none-any.whl", hash = "sha256:4f1d9991f5acc0ca119f9d443620b77f9d6b33703e51011c16baf57afb285fc6"},
    {file = "colorama-0.4.6.tar.gz", hash = "sha256:08695f5cb7ed6e0531a20572697297273c47b8cae5a63ffc6d6ed5c201be6e44"},
]

[[package]]
name = "coverage"
version = "7.6.9"
requires_python = ">=3.9"
summary = "Code coverage measurement for Python"
groups = ["dev"]
files = [
    {file = "coverage-7.6.9-cp312-cp312-macosx_10_13_x86_64.whl", hash = "sha256:99e266ae0b5d15f1ca8d278a668df6f51cc4b854513daab5cae695ed7b721cf8"},
    {file = "coverage-7.6.9-cp312-cp312-macosx_11_0_arm64.whl", hash = "sha256:9901d36492009a0a9b94b20e52ebfc8453bf49bb2b27bca2c9706f8b4f5a554a"},
    {file = "coverage-7.6.9-cp312-cp312-manylinux_2_17_aarch64.manylinux2014_aarch64.whl", hash = "sha256:abd3e72dd5b97e3af4246cdada7738ef0e608168de952b837b8dd7e90341f015"},
    {file = "coverage-7.6.9-cp312-cp312-manylinux_2_5_i686.manylinux1_i686.manylinux_2_17_i686.manylinux2014_i686.whl", hash = "sha256:ff74026a461eb0660366fb01c650c1d00f833a086b336bdad7ab00cc952072b3"},
    {file = "coverage-7.6.9-cp312-cp312-manylinux_2_5_x86_64.manylinux1_x86_64.manylinux_2_17_x86_64.manylinux2014_x86_64.whl", hash = "sha256:65dad5a248823a4996724a88eb51d4b31587aa7aa428562dbe459c684e5787ae"},
    {file = "coverage-7.6.9-cp312-cp312-musllinux_1_2_aarch64.whl", hash = "sha256:22be16571504c9ccea919fcedb459d5ab20d41172056206eb2994e2ff06118a4"},
    {file = "coverage-7.6.9-cp312-cp312-musllinux_1_2_i686.whl", hash = "sha256:0f957943bc718b87144ecaee70762bc2bc3f1a7a53c7b861103546d3a403f0a6"},
    {file = "coverage-7.6.9-cp312-cp312-musllinux_1_2_x86_64.whl", hash = "sha256:0ae1387db4aecb1f485fb70a6c0148c6cdaebb6038f1d40089b1fc84a5db556f"},
    {file = "coverage-7.6.9-cp312-cp312-win32.whl", hash = "sha256:1a330812d9cc7ac2182586f6d41b4d0fadf9be9049f350e0efb275c8ee8eb692"},
    {file = "coverage-7.6.9-cp312-cp312-win_amd64.whl", hash = "sha256:b12c6b18269ca471eedd41c1b6a1065b2f7827508edb9a7ed5555e9a56dcfc97"},
    {file = "coverage-7.6.9.tar.gz", hash = "sha256:4a8d8977b0c6ef5aeadcb644da9e69ae0dcfe66ec7f368c89c72e058bd71164d"},
]

[[package]]
name = "decorator"
version = "5.1.1"
requires_python = ">=3.5"
summary = "Decorators for Humans"
groups = ["dev"]
files = [
    {file = "decorator-5.1.1-py3-none-any.whl", hash = "sha256:b8c3f85900b9dc423225913c5aace94729fe1fa9763b38939a95226f02d37186"},
    {file = "decorator-5.1.1.tar.gz", hash = "sha256:637996211036b6385ef91435e4fae22989472f9d571faba8927ba8253acbc330"},
]

[[package]]
name = "distro"
version = "1.9.0"
requires_python = ">=3.6"
summary = "Distro - an OS platform information API"
groups = ["default"]
files = [
    {file = "distro-1.9.0-py3-none-any.whl", hash = "sha256:7bffd925d65168f85027d8da9af6bddab658135b840670a223589bc0c8ef02b2"},
    {file = "distro-1.9.0.tar.gz", hash = "sha256:2fa77c6fd8940f116ee1d6b94a2f90b13b5ea8d019b98bc8bafdcabcdd9bdbed"},
]

[[package]]
name = "executing"
version = "2.1.0"
requires_python = ">=3.8"
summary = "Get the currently executing AST node of a frame, and other information"
groups = ["dev"]
files = [
    {file = "executing-2.1.0-py2.py3-none-any.whl", hash = "sha256:8d63781349375b5ebccc3142f4b30350c0cd9c79f921cde38be2be4637e98eaf"},
    {file = "executing-2.1.0.tar.gz", hash = "sha256:8ea27ddd260da8150fa5a708269c4a10e76161e2496ec3e587da9e3c0fe4b9ab"},
]

[[package]]
name = "h11"
version = "0.14.0"
requires_python = ">=3.7"
summary = "A pure-Python, bring-your-own-I/O implementation of HTTP/1.1"
groups = ["default"]
dependencies = [
    "typing-extensions; python_version < \"3.8\"",
]
files = [
    {file = "h11-0.14.0-py3-none-any.whl", hash = "sha256:e3fe4ac4b851c468cc8363d500db52c2ead036020723024a109d37346efaa761"},
    {file = "h11-0.14.0.tar.gz", hash = "sha256:8f19fbbe99e72420ff35c00b27a34cb9937e902a8b810e2c88300c6f0a3b699d"},
]

[[package]]
name = "httpcore"
version = "1.0.7"
requires_python = ">=3.8"
summary = "A minimal low-level HTTP client."
groups = ["default"]
dependencies = [
    "certifi",
    "h11<0.15,>=0.13",
]
files = [
    {file = "httpcore-1.0.7-py3-none-any.whl", hash = "sha256:a3fff8f43dc260d5bd363d9f9cf1830fa3a458b332856f34282de498ed420edd"},
    {file = "httpcore-1.0.7.tar.gz", hash = "sha256:8551cb62a169ec7162ac7be8d4817d561f60e08eaa485234898414bb5a8a0b4c"},
]

[[package]]
name = "httpx"
version = "0.28.1"
requires_python = ">=3.8"
summary = "The next generation HTTP client."
groups = ["default"]
dependencies = [
    "anyio",
    "certifi",
    "httpcore==1.*",
    "idna",
]
files = [
    {file = "httpx-0.28.1-py3-none-any.whl", hash = "sha256:d909fcccc110f8c7faf814ca82a9a4d816bc5a6dbfea25d6591d6985b8ba59ad"},
    {file = "httpx-0.28.1.tar.gz", hash = "sha256:75e98c5f16b0f35b567856f597f06ff2270a374470a5c2392242528e3e3e42fc"},
]

[[package]]
name = "idna"
version = "3.10"
requires_python = ">=3.6"
summary = "Internationalized Domain Names in Applications (IDNA)"
groups = ["default"]
files = [
    {file = "idna-3.10-py3-none-any.whl", hash = "sha256:946d195a0d259cbba61165e88e65941f16e9b36ea6ddb97f00452bae8b1287d3"},
    {file = "idna-3.10.tar.gz", hash = "sha256:12f65c9b470abda6dc35cf8e63cc574b1c52b11df2c86030af0ac09b01b13ea9"},
]

[[package]]
name = "iniconfig"
version = "2.0.0"
requires_python = ">=3.7"
summary = "brain-dead simple config-ini parsing"
groups = ["dev"]
files = [
    {file = "iniconfig-2.0.0-py3-none-any.whl", hash = "sha256:b6a85871a79d2e3b22d2d1b94ac2824226a63c6b741c88f7ae975f18b6778374"},
    {file = "iniconfig-2.0.0.tar.gz", hash = "sha256:2d91e135bf72d31a410b17c16da610a82cb55f6b0477d1a902134b24a455b8b3"},
]

[[package]]
name = "ipython"
version = "8.30.0"
requires_python = ">=3.10"
summary = "IPython: Productive Interactive Computing"
groups = ["dev"]
dependencies = [
    "colorama; sys_platform == \"win32\"",
    "decorator",
    "exceptiongroup; python_version < \"3.11\"",
    "jedi>=0.16",
    "matplotlib-inline",
    "pexpect>4.3; sys_platform != \"win32\" and sys_platform != \"emscripten\"",
    "prompt-toolkit<3.1.0,>=3.0.41",
    "pygments>=2.4.0",
    "stack-data",
    "traitlets>=5.13.0",
    "typing-extensions>=4.6; python_version < \"3.12\"",
]
files = [
    {file = "ipython-8.30.0-py3-none-any.whl", hash = "sha256:85ec56a7e20f6c38fce7727dcca699ae4ffc85985aa7b23635a8008f918ae321"},
    {file = "ipython-8.30.0.tar.gz", hash = "sha256:cb0a405a306d2995a5cbb9901894d240784a9f341394c6ba3f4fe8c6eb89ff6e"},
]

[[package]]
name = "jedi"
version = "0.19.2"
requires_python = ">=3.6"
summary = "An autocompletion tool for Python that can be used for text editors."
groups = ["dev"]
dependencies = [
    "parso<0.9.0,>=0.8.4",
]
files = [
    {file = "jedi-0.19.2-py2.py3-none-any.whl", hash = "sha256:a8ef22bde8490f57fe5c7681a3c83cb58874daf72b4784de3cce5b6ef6edb5b9"},
    {file = "jedi-0.19.2.tar.gz", hash = "sha256:4770dc3de41bde3966b02eb84fbcf557fb33cce26ad23da12c742fb50ecb11f0"},
]

[[package]]
name = "jiter"
version = "0.8.2"
requires_python = ">=3.8"
summary = "Fast iterable JSON parser."
groups = ["default"]
files = [
    {file = "jiter-0.8.2-cp312-cp312-macosx_10_12_x86_64.whl", hash = "sha256:e6ec2be506e7d6f9527dae9ff4b7f54e68ea44a0ef6b098256ddf895218a2f8f"},
    {file = "jiter-0.8.2-cp312-cp312-macosx_11_0_arm64.whl", hash = "sha256:76e324da7b5da060287c54f2fabd3db5f76468006c811831f051942bf68c9d44"},
    {file = "jiter-0.8.2-cp312-cp312-manylinux_2_17_aarch64.manylinux2014_aarch64.whl", hash = "sha256:180a8aea058f7535d1c84183c0362c710f4750bef66630c05f40c93c2b152a0f"},
    {file = "jiter-0.8.2-cp312-cp312-manylinux_2_17_armv7l.manylinux2014_armv7l.whl", hash = "sha256:025337859077b41548bdcbabe38698bcd93cfe10b06ff66617a48ff92c9aec60"},
    {file = "jiter-0.8.2-cp312-cp312-manylinux_2_17_ppc64le.manylinux2014_ppc64le.whl", hash = "sha256:ecff0dc14f409599bbcafa7e470c00b80f17abc14d1405d38ab02e4b42e55b57"},
    {file = "jiter-0.8.2-cp312-cp312-manylinux_2_17_s390x.manylinux2014_s390x.whl", hash = "sha256:ffd9fee7d0775ebaba131f7ca2e2d83839a62ad65e8e02fe2bd8fc975cedeb9e"},
    {file = "jiter-0.8.2-cp312-cp312-manylinux_2_17_x86_64.manylinux2014_x86_64.whl", hash = "sha256:14601dcac4889e0a1c75ccf6a0e4baf70dbc75041e51bcf8d0e9274519df6887"},
    {file = "jiter-0.8.2-cp312-cp312-manylinux_2_5_i686.manylinux1_i686.whl", hash = "sha256:92249669925bc1c54fcd2ec73f70f2c1d6a817928480ee1c65af5f6b81cdf12d"},
    {file = "jiter-0.8.2-cp312-cp312-musllinux_1_1_aarch64.whl", hash = "sha256:e725edd0929fa79f8349ab4ec7f81c714df51dc4e991539a578e5018fa4a7152"},
    {file = "jiter-0.8.2-cp312-cp312-musllinux_1_1_x86_64.whl", hash = "sha256:bf55846c7b7a680eebaf9c3c48d630e1bf51bdf76c68a5f654b8524335b0ad29"},
    {file = "jiter-0.8.2-cp312-cp312-win32.whl", hash = "sha256:7efe4853ecd3d6110301665a5178b9856be7e2a9485f49d91aa4d737ad2ae49e"},
    {file = "jiter-0.8.2-cp312-cp312-win_amd64.whl", hash = "sha256:83c0efd80b29695058d0fd2fa8a556490dbce9804eac3e281f373bbc99045f6c"},
    {file = "jiter-0.8.2.tar.gz", hash = "sha256:cd73d3e740666d0e639f678adb176fad25c1bcbdae88d8d7b857e1783bb4212d"},
]

[[package]]
name = "jmespath"
version = "1.0.1"
requires_python = ">=3.7"
summary = "JSON Matching Expressions"
groups = ["default"]
files = [
    {file = "jmespath-1.0.1-py3-none-any.whl", hash = "sha256:02e2e4cc71b5bcab88332eebf907519190dd9e6e82107fa7f83b1003a6252980"},
    {file = "jmespath-1.0.1.tar.gz", hash = "sha256:90261b206d6defd58fdd5e85f478bf633a2901798906be2ad389150c5c60edbe"},
]

[[package]]
name = "matplotlib-inline"
version = "0.1.7"
requires_python = ">=3.8"
summary = "Inline Matplotlib backend for Jupyter"
groups = ["dev"]
dependencies = [
    "traitlets",
]
files = [
    {file = "matplotlib_inline-0.1.7-py3-none-any.whl", hash = "sha256:df192d39a4ff8f21b1895d72e6a13f5fcc5099f00fa84384e0ea28c2cc0653ca"},
    {file = "matplotlib_inline-0.1.7.tar.gz", hash = "sha256:8423b23ec666be3d16e16b60bdd8ac4e86e840ebd1dd11a30b9f117f2fa0ab90"},
]

[[package]]
name = "numpy"
version = "2.2.0"
requires_python = ">=3.10"
summary = "Fundamental package for array computing in Python"
groups = ["default"]
files = [
    {file = "numpy-2.2.0-cp312-cp312-macosx_10_13_x86_64.whl", hash = "sha256:cff210198bb4cae3f3c100444c5eaa573a823f05c253e7188e1362a5555235b3"},
    {file = "numpy-2.2.0-cp312-cp312-macosx_11_0_arm64.whl", hash = "sha256:58b92a5828bd4d9aa0952492b7de803135038de47343b2aa3cc23f3b71a3dc4e"},
    {file = "numpy-2.2.0-cp312-cp312-macosx_14_0_arm64.whl", hash = "sha256:ebe5e59545401fbb1b24da76f006ab19734ae71e703cdb4a8b347e84a0cece67"},
    {file = "numpy-2.2.0-cp312-cp312-macosx_14_0_x86_64.whl", hash = "sha256:e2b8cd48a9942ed3f85b95ca4105c45758438c7ed28fff1e4ce3e57c3b589d8e"},
    {file = "numpy-2.2.0-cp312-cp312-manylinux_2_17_aarch64.manylinux2014_aarch64.whl", hash = "sha256:57fcc997ffc0bef234b8875a54d4058afa92b0b0c4223fc1f62f24b3b5e86038"},
    {file = "numpy-2.2.0-cp312-cp312-manylinux_2_17_x86_64.manylinux2014_x86_64.whl", hash = "sha256:85ad7d11b309bd132d74397fcf2920933c9d1dc865487128f5c03d580f2c3d03"},
    {file = "numpy-2.2.0-cp312-cp312-musllinux_1_2_aarch64.whl", hash = "sha256:cb24cca1968b21355cc6f3da1a20cd1cebd8a023e3c5b09b432444617949085a"},
    {file = "numpy-2.2.0-cp312-cp312-musllinux_1_2_x86_64.whl", hash = "sha256:0798b138c291d792f8ea40fe3768610f3c7dd2574389e37c3f26573757c8f7ef"},
    {file = "numpy-2.2.0-cp312-cp312-win32.whl", hash = "sha256:afe8fb968743d40435c3827632fd36c5fbde633b0423da7692e426529b1759b1"},
    {file = "numpy-2.2.0-cp312-cp312-win_amd64.whl", hash = "sha256:3a4199f519e57d517ebd48cb76b36c82da0360781c6a0353e64c0cac30ecaad3"},
    {file = "numpy-2.2.0.tar.gz", hash = "sha256:140dd80ff8981a583a60980be1a655068f8adebf7a45a06a6858c873fcdcd4a0"},
]

[[package]]
name = "openai"
version = "1.57.2"
requires_python = ">=3.8"
summary = "The official Python library for the openai API"
groups = ["default"]
dependencies = [
    "anyio<5,>=3.5.0",
    "distro<2,>=1.7.0",
    "httpx<1,>=0.23.0",
    "jiter<1,>=0.4.0",
    "pydantic<3,>=1.9.0",
    "sniffio",
    "tqdm>4",
    "typing-extensions<5,>=4.11",
]
files = [
    {file = "openai-1.57.2-py3-none-any.whl", hash = "sha256:f7326283c156fdee875746e7e54d36959fb198eadc683952ee05e3302fbd638d"},
    {file = "openai-1.57.2.tar.gz", hash = "sha256:5f49fd0f38e9f2131cda7deb45dafdd1aee4f52a637e190ce0ecf40147ce8cee"},
]

[[package]]
name = "packaging"
version = "24.2"
requires_python = ">=3.8"
summary = "Core utilities for Python packages"
groups = ["dev"]
files = [
    {file = "packaging-24.2-py3-none-any.whl", hash = "sha256:09abb1bccd265c01f4a3aa3f7a7db064b36514d2cba19a2f694fe6150451a759"},
    {file = "packaging-24.2.tar.gz", hash = "sha256:c228a6dc5e932d346bc5739379109d49e8853dd8223571c7c5b55260edc0b97f"},
]

[[package]]
name = "parso"
version = "0.8.4"
requires_python = ">=3.6"
summary = "A Python Parser"
groups = ["dev"]
files = [
    {file = "parso-0.8.4-py2.py3-none-any.whl", hash = "sha256:a418670a20291dacd2dddc80c377c5c3791378ee1e8d12bffc35420643d43f18"},
    {file = "parso-0.8.4.tar.gz", hash = "sha256:eb3a7b58240fb99099a345571deecc0f9540ea5f4dd2fe14c2a99d6b281ab92d"},
]

[[package]]
name = "pexpect"
version = "4.9.0"
summary = "Pexpect allows easy control of interactive console applications."
groups = ["dev"]
marker = "sys_platform != \"win32\" and sys_platform != \"emscripten\""
dependencies = [
    "ptyprocess>=0.5",
]
files = [
    {file = "pexpect-4.9.0-py2.py3-none-any.whl", hash = "sha256:7236d1e080e4936be2dc3e326cec0af72acf9212a7e1d060210e70a47e253523"},
    {file = "pexpect-4.9.0.tar.gz", hash = "sha256:ee7d41123f3c9911050ea2c2dac107568dc43b2d3b0c7557a33212c398ead30f"},
]

[[package]]
name = "pluggy"
version = "1.5.0"
requires_python = ">=3.8"
summary = "plugin and hook calling mechanisms for python"
groups = ["dev"]
files = [
    {file = "pluggy-1.5.0-py3-none-any.whl", hash = "sha256:44e1ad92c8ca002de6377e165f3e0f1be63266ab4d554740532335b9d75ea669"},
    {file = "pluggy-1.5.0.tar.gz", hash = "sha256:2cffa88e94fdc978c4c574f15f9e59b7f4201d439195c3715ca9e2486f1d0cf1"},
]

[[package]]
name = "prompt-toolkit"
version = "3.0.48"
requires_python = ">=3.7.0"
summary = "Library for building powerful interactive command lines in Python"
groups = ["dev"]
dependencies = [
    "wcwidth",
]
files = [
    {file = "prompt_toolkit-3.0.48-py3-none-any.whl", hash = "sha256:f49a827f90062e411f1ce1f854f2aedb3c23353244f8108b89283587397ac10e"},
    {file = "prompt_toolkit-3.0.48.tar.gz", hash = "sha256:d6623ab0477a80df74e646bdbc93621143f5caf104206aa29294d53de1a03d90"},
]

[[package]]
name = "ptyprocess"
version = "0.7.0"
summary = "Run a subprocess in a pseudo terminal"
groups = ["dev"]
marker = "sys_platform != \"win32\" and sys_platform != \"emscripten\""
files = [
    {file = "ptyprocess-0.7.0-py2.py3-none-any.whl", hash = "sha256:4b41f3967fce3af57cc7e94b888626c18bf37a083e3651ca8feeb66d492fef35"},
    {file = "ptyprocess-0.7.0.tar.gz", hash = "sha256:5c5d0a3b48ceee0b48485e0c26037c0acd7d29765ca3fbb5cb3831d347423220"},
]

[[package]]
name = "pure-eval"
version = "0.2.3"
summary = "Safely evaluate AST nodes without side effects"
groups = ["dev"]
files = [
    {file = "pure_eval-0.2.3-py3-none-any.whl", hash = "sha256:1db8e35b67b3d218d818ae653e27f06c3aa420901fa7b081ca98cbedc874e0d0"},
    {file = "pure_eval-0.2.3.tar.gz", hash = "sha256:5f4e983f40564c576c7c8635ae88db5956bb2229d7e9237d03b3c0b0190eaf42"},
]

[[package]]
name = "pydantic"
version = "2.10.3"
requires_python = ">=3.8"
summary = "Data validation using Python type hints"
groups = ["default"]
dependencies = [
    "annotated-types>=0.6.0",
    "pydantic-core==2.27.1",
    "typing-extensions>=4.12.2",
]
files = [
    {file = "pydantic-2.10.3-py3-none-any.whl", hash = "sha256:be04d85bbc7b65651c5f8e6b9976ed9c6f41782a55524cef079a34a0bb82144d"},
    {file = "pydantic-2.10.3.tar.gz", hash = "sha256:cb5ac360ce894ceacd69c403187900a02c4b20b693a9dd1d643e1effab9eadf9"},
]

[[package]]
name = "pydantic-core"
version = "2.27.1"
requires_python = ">=3.8"
summary = "Core functionality for Pydantic validation and serialization"
groups = ["default"]
dependencies = [
    "typing-extensions!=4.7.0,>=4.6.0",
]
files = [
    {file = "pydantic_core-2.27.1-cp312-cp312-macosx_10_12_x86_64.whl", hash = "sha256:9cbd94fc661d2bab2bc702cddd2d3370bbdcc4cd0f8f57488a81bcce90c7a54f"},
    {file = "pydantic_core-2.27.1-cp312-cp312-macosx_11_0_arm64.whl", hash = "sha256:5f8c4718cd44ec1580e180cb739713ecda2bdee1341084c1467802a417fe0f02"},
    {file = "pydantic_core-2.27.1-cp312-cp312-manylinux_2_17_aarch64.manylinux2014_aarch64.whl", hash = "sha256:15aae984e46de8d376df515f00450d1522077254ef6b7ce189b38ecee7c9677c"},
    {file = "pydantic_core-2.27.1-cp312-cp312-manylinux_2_17_armv7l.manylinux2014_armv7l.whl", hash = "sha256:1ba5e3963344ff25fc8c40da90f44b0afca8cfd89d12964feb79ac1411a260ac"},
    {file = "pydantic_core-2.27.1-cp312-cp312-manylinux_2_17_ppc64le.manylinux2014_ppc64le.whl", hash = "sha256:992cea5f4f3b29d6b4f7f1726ed8ee46c8331c6b4eed6db5b40134c6fe1768bb"},
    {file = "pydantic_core-2.27.1-cp312-cp312-manylinux_2_17_s390x.manylinux2014_s390x.whl", hash = "sha256:0325336f348dbee6550d129b1627cb8f5351a9dc91aad141ffb96d4937bd9529"},
    {file = "pydantic_core-2.27.1-cp312-cp312-manylinux_2_17_x86_64.manylinux2014_x86_64.whl", hash = "sha256:7597c07fbd11515f654d6ece3d0e4e5093edc30a436c63142d9a4b8e22f19c35"},
    {file = "pydantic_core-2.27.1-cp312-cp312-manylinux_2_5_i686.manylinux1_i686.whl", hash = "sha256:3bbd5d8cc692616d5ef6fbbbd50dbec142c7e6ad9beb66b78a96e9c16729b089"},
    {file = "pydantic_core-2.27.1-cp312-cp312-musllinux_1_1_aarch64.whl", hash = "sha256:dc61505e73298a84a2f317255fcc72b710b72980f3a1f670447a21efc88f8381"},
    {file = "pydantic_core-2.27.1-cp312-cp312-musllinux_1_1_armv7l.whl", hash = "sha256:e1f735dc43da318cad19b4173dd1ffce1d84aafd6c9b782b3abc04a0d5a6f5bb"},
    {file = "pydantic_core-2.27.1-cp312-cp312-musllinux_1_1_x86_64.whl", hash = "sha256:f4e5658dbffe8843a0f12366a4c2d1c316dbe09bb4dfbdc9d2d9cd6031de8aae"},
    {file = "pydantic_core-2.27.1-cp312-none-win32.whl", hash = "sha256:672ebbe820bb37988c4d136eca2652ee114992d5d41c7e4858cdd90ea94ffe5c"},
    {file = "pydantic_core-2.27.1-cp312-none-win_amd64.whl", hash = "sha256:66ff044fd0bb1768688aecbe28b6190f6e799349221fb0de0e6f4048eca14c16"},
    {file = "pydantic_core-2.27.1-cp312-none-win_arm64.whl", hash = "sha256:9a3b0793b1bbfd4146304e23d90045f2a9b5fd5823aa682665fbdaf2a6c28f3e"},
    {file = "pydantic_core-2.27.1.tar.gz", hash = "sha256:62a763352879b84aa31058fc931884055fd75089cccbd9d58bb6afd01141b235"},
]

[[package]]
name = "pygments"
version = "2.18.0"
requires_python = ">=3.8"
summary = "Pygments is a syntax highlighting package written in Python."
groups = ["dev"]
files = [
    {file = "pygments-2.18.0-py3-none-any.whl", hash = "sha256:b8e6aca0523f3ab76fee51799c488e38782ac06eafcf95e7ba832985c8e7b13a"},
    {file = "pygments-2.18.0.tar.gz", hash = "sha256:786ff802f32e91311bff3889f6e9a86e81505fe99f2735bb6d60ae0c5004f199"},
]

[[package]]
name = "pytest"
version = "8.3.4"
requires_python = ">=3.8"
summary = "pytest: simple powerful testing with Python"
groups = ["dev"]
dependencies = [
    "colorama; sys_platform == \"win32\"",
    "exceptiongroup>=1.0.0rc8; python_version < \"3.11\"",
    "iniconfig",
    "packaging",
    "pluggy<2,>=1.5",
    "tomli>=1; python_version < \"3.11\"",
]
files = [
    {file = "pytest-8.3.4-py3-none-any.whl", hash = "sha256:50e16d954148559c9a74109af1eaf0c945ba2d8f30f0a3d3335edde19788b6f6"},
    {file = "pytest-8.3.4.tar.gz", hash = "sha256:965370d062bce11e73868e0335abac31b4d3de0e82f4007408d242b4f8610761"},
]

[[package]]
name = "pytest-mock"
version = "3.14.0"
requires_python = ">=3.8"
summary = "Thin-wrapper around the mock package for easier use with pytest"
groups = ["dev"]
dependencies = [
    "pytest>=6.2.5",
]
files = [
    {file = "pytest-mock-3.14.0.tar.gz", hash = "sha256:2719255a1efeceadbc056d6bf3df3d1c5015530fb40cf347c0f9afac88410bd0"},
    {file = "pytest_mock-3.14.0-py3-none-any.whl", hash = "sha256:0b72c38033392a5f4621342fe11e9219ac11ec9d375f8e2a0c164539e0d70f6f"},
]

[[package]]
name = "python-dateutil"
version = "2.9.0.post0"
requires_python = "!=3.0.*,!=3.1.*,!=3.2.*,>=2.7"
summary = "Extensions to the standard Python datetime module"
groups = ["default"]
dependencies = [
    "six>=1.5",
]
files = [
    {file = "python-dateutil-2.9.0.post0.tar.gz", hash = "sha256:37dd54208da7e1cd875388217d5e00ebd4179249f90fb72437e91a35459a0ad3"},
    {file = "python_dateutil-2.9.0.post0-py2.py3-none-any.whl", hash = "sha256:a8b2bc7bffae282281c8140a97d3aa9c14da0b136dfe83f850eea9a5f7470427"},
]

[[package]]
name = "ruff"
version = "0.8.2"
requires_python = ">=3.7"
summary = "An extremely fast Python linter and code formatter, written in Rust."
groups = ["dev"]
files = [
    {file = "ruff-0.8.2-py3-none-linux_armv6l.whl", hash = "sha256:c49ab4da37e7c457105aadfd2725e24305ff9bc908487a9bf8d548c6dad8bb3d"},
    {file = "ruff-0.8.2-py3-none-macosx_10_12_x86_64.whl", hash = "sha256:ec016beb69ac16be416c435828be702ee694c0d722505f9c1f35e1b9c0cc1bf5"},
    {file = "ruff-0.8.2-py3-none-macosx_11_0_arm64.whl", hash = "sha256:f05cdf8d050b30e2ba55c9b09330b51f9f97d36d4673213679b965d25a785f3c"},
    {file = "ruff-0.8.2-py3-none-manylinux_2_17_aarch64.manylinux2014_aarch64.whl", hash = "sha256:60f578c11feb1d3d257b2fb043ddb47501ab4816e7e221fbb0077f0d5d4e7b6f"},
    {file = "ruff-0.8.2-py3-none-manylinux_2_17_armv7l.manylinux2014_armv7l.whl", hash = "sha256:cbd5cf9b0ae8f30eebc7b360171bd50f59ab29d39f06a670b3e4501a36ba5897"},
    {file = "ruff-0.8.2-py3-none-manylinux_2_17_i686.manylinux2014_i686.whl", hash = "sha256:b402ddee3d777683de60ff76da801fa7e5e8a71038f57ee53e903afbcefdaa58"},
    {file = "ruff-0.8.2-py3-none-manylinux_2_17_ppc64.manylinux2014_ppc64.whl", hash = "sha256:705832cd7d85605cb7858d8a13d75993c8f3ef1397b0831289109e953d833d29"},
    {file = "ruff-0.8.2-py3-none-manylinux_2_17_ppc64le.manylinux2014_ppc64le.whl", hash = "sha256:32096b41aaf7a5cc095fa45b4167b890e4c8d3fd217603f3634c92a541de7248"},
    {file = "ruff-0.8.2-py3-none-manylinux_2_17_s390x.manylinux2014_s390x.whl", hash = "sha256:e769083da9439508833cfc7c23e351e1809e67f47c50248250ce1ac52c21fb93"},
    {file = "ruff-0.8.2-py3-none-manylinux_2_17_x86_64.manylinux2014_x86_64.whl", hash = "sha256:5fe716592ae8a376c2673fdfc1f5c0c193a6d0411f90a496863c99cd9e2ae25d"},
    {file = "ruff-0.8.2-py3-none-musllinux_1_2_aarch64.whl", hash = "sha256:81c148825277e737493242b44c5388a300584d73d5774defa9245aaef55448b0"},
    {file = "ruff-0.8.2-py3-none-musllinux_1_2_armv7l.whl", hash = "sha256:d261d7850c8367704874847d95febc698a950bf061c9475d4a8b7689adc4f7fa"},
    {file = "ruff-0.8.2-py3-none-musllinux_1_2_i686.whl", hash = "sha256:1ca4e3a87496dc07d2427b7dd7ffa88a1e597c28dad65ae6433ecb9f2e4f022f"},
    {file = "ruff-0.8.2-py3-none-musllinux_1_2_x86_64.whl", hash = "sha256:729850feed82ef2440aa27946ab39c18cb4a8889c1128a6d589ffa028ddcfc22"},
    {file = "ruff-0.8.2-py3-none-win32.whl", hash = "sha256:ac42caaa0411d6a7d9594363294416e0e48fc1279e1b0e948391695db2b3d5b1"},
    {file = "ruff-0.8.2-py3-none-win_amd64.whl", hash = "sha256:2aae99ec70abf43372612a838d97bfe77d45146254568d94926e8ed5bbb409ea"},
    {file = "ruff-0.8.2-py3-none-win_arm64.whl", hash = "sha256:fb88e2a506b70cfbc2de6fae6681c4f944f7dd5f2fe87233a7233d888bad73e8"},
    {file = "ruff-0.8.2.tar.gz", hash = "sha256:b84f4f414dda8ac7f75075c1fa0b905ac0ff25361f42e6d5da681a465e0f78e5"},
]

[[package]]
name = "s3transfer"
version = "0.10.4"
requires_python = ">=3.8"
summary = "An Amazon S3 Transfer Manager"
groups = ["default"]
dependencies = [
    "botocore<2.0a.0,>=1.33.2",
]
files = [
    {file = "s3transfer-0.10.4-py3-none-any.whl", hash = "sha256:244a76a24355363a68164241438de1b72f8781664920260c48465896b712a41e"},
    {file = "s3transfer-0.10.4.tar.gz", hash = "sha256:29edc09801743c21eb5ecbc617a152df41d3c287f67b615f73e5f750583666a7"},
]

[[package]]
name = "six"
version = "1.17.0"
requires_python = "!=3.0.*,!=3.1.*,!=3.2.*,>=2.7"
summary = "Python 2 and 3 compatibility utilities"
groups = ["default"]
files = [
    {file = "six-1.17.0-py2.py3-none-any.whl", hash = "sha256:4721f391ed90541fddacab5acf947aa0d3dc7d27b2e1e8eda2be8970586c3274"},
    {file = "six-1.17.0.tar.gz", hash = "sha256:ff70335d468e7eb6ec65b95b99d3a2836546063f63acc5171de367e834932a81"},
]

[[package]]
name = "sniffio"
version = "1.3.1"
requires_python = ">=3.7"
summary = "Sniff out which async library your code is running under"
groups = ["default"]
files = [
    {file = "sniffio-1.3.1-py3-none-any.whl", hash = "sha256:2f6da418d1f1e0fddd844478f41680e794e6051915791a034ff65e5f100525a2"},
    {file = "sniffio-1.3.1.tar.gz", hash = "sha256:f4324edc670a0f49750a81b895f35c3adb843cca46f0530f79fc1babb23789dc"},
]

[[package]]
name = "stack-data"
version = "0.6.3"
summary = "Extract data from python stack frames and tracebacks for informative displays"
groups = ["dev"]
dependencies = [
    "asttokens>=2.1.0",
    "executing>=1.2.0",
    "pure-eval",
]
files = [
    {file = "stack_data-0.6.3-py3-none-any.whl", hash = "sha256:d5558e0c25a4cb0853cddad3d77da9891a08cb85dd9f9f91b9f8cd66e511e695"},
    {file = "stack_data-0.6.3.tar.gz", hash = "sha256:836a778de4fec4dcd1dcd89ed8abff8a221f58308462e1c4aa2a3cf30148f0b9"},
]

[[package]]
name = "tqdm"
version = "4.67.1"
requires_python = ">=3.7"
summary = "Fast, Extensible Progress Meter"
groups = ["default"]
dependencies = [
    "colorama; platform_system == \"Windows\"",
]
files = [
    {file = "tqdm-4.67.1-py3-none-any.whl", hash = "sha256:26445eca388f82e72884e0d580d5464cd801a3ea01e63e5601bdff9ba6a48de2"},
    {file = "tqdm-4.67.1.tar.gz", hash = "sha256:f8aef9c52c08c13a65f30ea34f4e5aac3fd1a34959879d7e59e63027286627f2"},
]

[[package]]
name = "traitlets"
version = "5.14.3"
requires_python = ">=3.8"
summary = "Traitlets Python configuration system"
groups = ["dev"]
files = [
    {file = "traitlets-5.14.3-py3-none-any.whl", hash = "sha256:b74e89e397b1ed28cc831db7aea759ba6640cb3de13090ca145426688ff1ac4f"},
    {file = "traitlets-5.14.3.tar.gz", hash = "sha256:9ed0579d3502c94b4b3732ac120375cda96f923114522847de4b3bb98b96b6b7"},
]

[[package]]
name = "typing-extensions"
version = "4.12.2"
requires_python = ">=3.8"
summary = "Backported and Experimental Type Hints for Python 3.8+"
groups = ["default"]
files = [
    {file = "typing_extensions-4.12.2-py3-none-any.whl", hash = "sha256:04e5ca0351e0f3f85c6853954072df659d0d13fac324d0072316b67d7794700d"},
    {file = "typing_extensions-4.12.2.tar.gz", hash = "sha256:1a7ead55c7e559dd4dee8856e3a88b41225abfe1ce8df57b7c13915fe121ffb8"},
]

[[package]]
name = "urllib3"
version = "2.2.3"
requires_python = ">=3.8"
summary = "HTTP library with thread-safe connection pooling, file post, and more."
groups = ["default"]
marker = "python_version >= \"3.10\""
files = [
    {file = "urllib3-2.2.3-py3-none-any.whl", hash = "sha256:ca899ca043dcb1bafa3e262d73aa25c465bfb49e0bd9dd5d59f1d0acba2f8fac"},
    {file = "urllib3-2.2.3.tar.gz", hash = "sha256:e7d814a81dad81e6caf2ec9fdedb284ecc9c73076b62654547cc64ccdcae26e9"},
]

[[package]]
name = "wcwidth"
version = "0.2.13"
summary = "Measures the displayed width of unicode strings in a terminal"
groups = ["dev"]
dependencies = [
    "backports-functools-lru-cache>=1.2.1; python_version < \"3.2\"",
]
files = [
    {file = "wcwidth-0.2.13-py2.py3-none-any.whl", hash = "sha256:3da69048e4540d84af32131829ff948f1e022c1c6bdb8d6102117aac784f6859"},
    {file = "wcwidth-0.2.13.tar.gz", hash = "sha256:72ea0c06399eb286d978fdedb6923a9eb47e1c486ce63e9b4e64fc18303972b5"},
]
