# This file is @generated by PDM.
# It is not intended for manual editing.

[metadata]
groups = ["default"]
strategy = ["inherit_metadata"]
lock_version = "4.5.0"
content_hash = "sha256:bf0130d74db628c59a422dca6d2e7753fd7212c21a6089d206cc346abb45da62"

[[metadata.targets]]
requires_python = ""

[[metadata.targets]]
requires_python = "==3.12.*"
