DEPENDENCIES
  apt
  ark
  build-essential
  cdo-analytics
    path: cdo-analytics
  cdo-apps
    path: cdo-apps
  cdo-authorized-keys
    path: cdo-authorized-keys
  cdo-awscli
    path: cdo-awscli
  cdo-cloudwatch-agent
    path: cdo-cloudwatch-agent
  cdo-github-access
    path: cdo-github-access
  cdo-home-ubuntu
    path: cdo-home-ubuntu
  cdo-i18n
    path: cdo-i18n
  cdo-java-7
    path: cdo-java-7
  cdo-jemalloc
    path: cdo-jemalloc
  cdo-mysql
    path: cdo-mysql
  cdo-nginx
    path: cdo-nginx
  cdo-nodejs
    path: cdo-nodejs
  cdo-postfix
    path: cdo-postfix
  cdo-redis
    path: cdo-redis
  cdo-repository
    path: cdo-repository
  cdo-ruby
    path: cdo-ruby
  cdo-secrets
    path: cdo-secrets
  cdo-syslog
    path: cdo-syslog
  cdo-tippecanoe
    path: cdo-tippecanoe
  cdo-users
    path: cdo-users
  cdo-varnish
    path: cdo-varnish
  chef-client
  chef_client_updater
  ntp
  seven_zip
  sudo-user
    path: sudo-user

GRAPH
  apt (2.6.1)
  ark (4.0.0)
    build-essential (>= 0.0.0)
    seven_zip (>= 0.0.0)
  aws_cloudwatch (1.0.2)
  build-essential (8.2.1)
    mingw (>= 1.1)
    seven_zip (>= 0.0.0)
  cdo-analytics (0.0.0)
    apt (~> 2.6.0)
    ark (>= 0.0.0)
  cdo-apps (0.2.480)
    apt (>= 0.0.0)
    build-essential (>= 0.0.0)
    cdo-analytics (>= 0.0.0)
    cdo-cloudwatch-agent (>= 0.0.0)
    cdo-i18n (>= 0.0.0)
    cdo-java-7 (>= 0.0.0)
    cdo-jemalloc (>= 0.0.0)
    cdo-mysql (>= 0.0.0)
    cdo-nginx (>= 0.0.0)
    cdo-nodejs (>= 0.0.0)
    cdo-postfix (>= 0.0.0)
    cdo-redis (>= 0.0.0)
    cdo-repository (>= 0.0.0)
    cdo-ruby (>= 0.0.0)
    cdo-secrets (>= 0.0.0)
    cdo-syslog (>= 0.0.0)
    cdo-tippecanoe (>= 0.0.0)
    cdo-varnish (>= 0.0.0)
    chef_client_updater (>= 0.0.0)
    chef_hostname (< 1.0.0)
    poise-service (>= 0.0.0)
    sudo-user (>= 0.0.0)
    yarn (>= 0.0.0)
  cdo-authorized-keys (0.1.2)
  cdo-awscli (0.1.13)
    apt (~> 2.6.0)
    poise-python (>= 0.0.0)
    sudo-user (>= 0.0.0)
  cdo-cloudwatch-agent (0.1.3)
    aws_cloudwatch (>= 0.0.0)
  cdo-github-access (0.1.10)
  cdo-home-ubuntu (0.1.5)
  cdo-i18n (0.0.0)
    apt (~> 2.6.0)
    cdo-java-7 (>= 0.0.0)
  cdo-java-7 (0.1.1)
    build-essential (>= 0.0.0)
  cdo-jemalloc (0.1.4)
    ark (>= 0.0.0)
  cdo-mysql (0.1.37)
    apt (~> 2.6.0)
  cdo-nginx (0.0.16)
    apt (>= 0.0.0)
    ssl_certificate (>= 0.0.0)
  cdo-nodejs (0.2.30)
    nodejs (>= 0.0.0)
  cdo-postfix (0.2.9)
    apt (>= 0.0.0)
    postfix (>= 0.0.0)
  cdo-redis (0.1.3)
    redisio (>= 0.0.0)
  cdo-repository (0.2.20)
    cdo-github-access (>= 0.0.0)
  cdo-ruby (0.2.15)
    apt (~> 2.6.0)
    sudo-user (>= 0.0.0)
  cdo-secrets (0.1.9)
  cdo-syslog (0.1.1)
    sudo-user (>= 0.0.0)
  cdo-tippecanoe (0.1.4)
    ark (>= 0.0.0)
  cdo-users (0.1.30)
    apt (~> 2.6.0)
  cdo-varnish (0.3.270)
    apt (>= 0.0.0)
  chef-client (11.3.0)
    cron (>= 4.2.0)
    logrotate (>= 1.9.0)
  chef_client_updater (3.5.3)
  chef_hostname (0.6.1)
  cron (6.2.1)
  logrotate (2.2.0)
  mingw (2.1.0)
    seven_zip (>= 0.0.0)
  nodejs (6.0.0)
    ark (>= 2.0.2)
    build-essential (>= 5.0)
  ntp (3.6.2)
  ohai (5.3.0)
  poise (2.8.2)
  poise-archive (1.5.0)
    poise (~> 2.6)
  poise-languages (2.1.2)
    poise (~> 2.5)
    poise-archive (~> 1.0)
  poise-python (1.7.0)
    poise (~> 2.7)
    poise-languages (~> 2.0)
  poise-service (1.5.2)
    poise (~> 2.0)
  postfix (5.3.1)
  redisio (3.0.0)
    build-essential (>= 5.0)
    selinux_policy (>= 0.0.0)
    ulimit (>= 0.1.2)
  selinux_policy (2.3.4)
  seven_zip (3.1.1)
    windows (>= 0.0.0)
  ssl_certificate (2.1.0)
  sudo-user (0.1.3)
    ohai (>= 0.0.0)
  ulimit (1.0.0)
  windows (6.0.0)
  yarn (0.4.2)
    apt (>= 0.0.0)
