DEPENDENCIES
  cdo-apps
    path: .
    metadata: true
  cdo-github-access
    path: ../cdo-github-access
  cdo-mysql
    path: ../cdo-mysql
  cdo-nginx
    path: ../cdo-nginx
  cdo-postfix
    path: ../cdo-postfix
  cdo-repository
    path: ../cdo-repository
  cdo-ruby
    path: ../cdo-ruby
  cdo-secrets
    path: ../cdo-secrets
  cdo-varnish
    path: ../cdo-varnish
  omnibus_updater
    git: git://github.com/wjordan/omnibus_updater.git
    revision: 3fee5dda5a8deb323c81cfb6ed027e8d2ab87614
    branch: mixlib-install
  sudo-user
    path: ../sudo-user

GRAPH
  7-zip (1.0.2)
    windows (>= 1.2.2)
  apt (2.9.2)
  brightbox-ruby (1.2.1)
    apt (>= 0.0.0)
  build-essential (2.3.1)
    7-zip (>= 0.0.0)
  cdo-apps (0.2.6)
    apt (>= 0.0.0)
    build-essential (>= 0.0.0)
    cdo-mysql (>= 0.0.0)
    cdo-nginx (>= 0.0.0)
    cdo-postfix (>= 0.0.0)
    cdo-repository (>= 0.0.0)
    cdo-ruby (>= 0.0.0)
    cdo-secrets (>= 0.0.0)
    cdo-varnish (>= 0.0.0)
    omnibus_updater (>= 0.0.0)
    sudo-user (>= 0.0.0)
  cdo-github-access (0.1.1)
  cdo-mysql (0.1.1)
  cdo-nginx (0.0.2)
    apt (>= 0.0.0)
    ssl_certificate (>= 0.0.0)
  cdo-postfix (0.2.0)
    apt (>= 0.0.0)
    postfix (>= 0.0.0)
  cdo-repository (0.2.1)
    cdo-github-access (>= 0.0.0)
  cdo-ruby (0.1.1)
    brightbox-ruby (>= 0.0.0)
    build-essential (>= 0.0.0)
  cdo-secrets (0.1.0)
  cdo-varnish (0.3.6)
    apt (>= 0.0.0)
  chef_handler (1.3.0)
  ohai (2.1.0)
  omnibus_updater (2.0.0)
  postfix (3.7.0)
  ssl_certificate (1.11.0)
  sudo-user (0.1.0)
    ohai (>= 0.0.0)
  windows (1.39.1)
    chef_handler (>= 0.0.0)
